// !$*UTF8*$!
{
	archiveVersion = 1;
	classes = {
	};
	objectVersion = 46;
	objects = {

/* Begin PBXBuildFile section */
		34045FAA1DD4FA0F00F762EF /* IJKMediaFramework.framework in Frameworks */ = {isa = PBXBuildFile; fileRef = 34045FA91DD4FA0F00F762EF /* IJKMediaFramework.framework */; };
		34045FB01DD4FC7A00F762EF /* VCLiveChatViewController.m in Sources */ = {isa = PBXBuildFile; fileRef = 34045FAE1DD4FC7A00F762EF /* VCLiveChatViewController.m */; };
		34045FB11DD4FC7A00F762EF /* VCLiveChatViewController.xib in Resources */ = {isa = PBXBuildFile; fileRef = 34045FAF1DD4FC7A00F762EF /* VCLiveChatViewController.xib */; };
		342BDBFC1DC89AF500CBC313 /* VCLaunchViewController.m in Sources */ = {isa = PBXBuildFile; fileRef = 342BDBFA1DC89AF500CBC313 /* VCLaunchViewController.m */; };
		342BDBFD1DC89AF500CBC313 /* VCLaunchViewController.xib in Resources */ = {isa = PBXBuildFile; fileRef = 342BDBFB1DC89AF500CBC313 /* VCLaunchViewController.xib */; };
		342BDC011DC8A6FC00CBC313 /* VCFocusViewController.m in Sources */ = {isa = PBXBuildFile; fileRef = 342BDBFF1DC8A6FC00CBC313 /* VCFocusViewController.m */; };
		342BDC021DC8A6FC00CBC313 /* VCFocusViewController.xib in Resources */ = {isa = PBXBuildFile; fileRef = 342BDC001DC8A6FC00CBC313 /* VCFocusViewController.xib */; };
		342BDC061DC8A70B00CBC313 /* VCHotViewController.m in Sources */ = {isa = PBXBuildFile; fileRef = 342BDC041DC8A70B00CBC313 /* VCHotViewController.m */; };
		342BDC071DC8A70B00CBC313 /* VCHotViewController.xib in Resources */ = {isa = PBXBuildFile; fileRef = 342BDC051DC8A70B00CBC313 /* VCHotViewController.xib */; };
		342BDC0F1DC8B20A00CBC313 /* VCMainTopView.m in Sources */ = {isa = PBXBuildFile; fileRef = 342BDC0E1DC8B20A00CBC313 /* VCMainTopView.m */; };
		3443ADEA1DC78AA500C0FDFF /* VCTabBarViewController.m in Sources */ = {isa = PBXBuildFile; fileRef = 3443ADE91DC78AA500C0FDFF /* VCTabBarViewController.m */; };
		3443ADED1DC78ACA00C0FDFF /* VCTabBar.m in Sources */ = {isa = PBXBuildFile; fileRef = 3443ADEC1DC78ACA00C0FDFF /* VCTabBar.m */; };
		3443ADF01DC791D800C0FDFF /* VCBaseViewController.m in Sources */ = {isa = PBXBuildFile; fileRef = 3443ADEF1DC791D800C0FDFF /* VCBaseViewController.m */; };
		3443ADF71DC7927000C0FDFF /* VCMainViewController.m in Sources */ = {isa = PBXBuildFile; fileRef = 3443ADF51DC7927000C0FDFF /* VCMainViewController.m */; };
		3443ADF81DC7927000C0FDFF /* VCMainViewController.xib in Resources */ = {isa = PBXBuildFile; fileRef = 3443ADF61DC7927000C0FDFF /* VCMainViewController.xib */; };
		3443ADFC1DC7927C00C0FDFF /* VCMeViewController.m in Sources */ = {isa = PBXBuildFile; fileRef = 3443ADFA1DC7927C00C0FDFF /* VCMeViewController.m */; };
		3443ADFD1DC7927C00C0FDFF /* VCMeViewController.xib in Resources */ = {isa = PBXBuildFile; fileRef = 3443ADFB1DC7927C00C0FDFF /* VCMeViewController.xib */; };
		3443AE031DC7939800C0FDFF /* VCBaseNavViewController.m in Sources */ = {isa = PBXBuildFile; fileRef = 3443AE021DC7939800C0FDFF /* VCBaseNavViewController.m */; };
		347BC7FC1DD5096200C19591 /* VideoToolbox.framework in Frameworks */ = {isa = PBXBuildFile; fileRef = 347BC7FB1DD5096200C19591 /* VideoToolbox.framework */; };
		347BC7FE1DD5096900C19591 /* UIKit.framework in Frameworks */ = {isa = PBXBuildFile; fileRef = 347BC7FD1DD5096900C19591 /* UIKit.framework */; };
		347BC8001DD5097200C19591 /* QuartzCore.framework in Frameworks */ = {isa = PBXBuildFile; fileRef = 347BC7FF1DD5097200C19591 /* QuartzCore.framework */; };
		347BC8021DD5097900C19591 /* OpenGLES.framework in Frameworks */ = {isa = PBXBuildFile; fileRef = 347BC8011DD5097900C19591 /* OpenGLES.framework */; };
		347BC8041DD5097F00C19591 /* MobileCoreServices.framework in Frameworks */ = {isa = PBXBuildFile; fileRef = 347BC8031DD5097F00C19591 /* MobileCoreServices.framework */; };
		347BC8061DD5098500C19591 /* MediaPlayer.framework in Frameworks */ = {isa = PBXBuildFile; fileRef = 347BC8051DD5098500C19591 /* MediaPlayer.framework */; };
		347BC8081DD5098C00C19591 /* CoreVideo.framework in Frameworks */ = {isa = PBXBuildFile; fileRef = 347BC8071DD5098C00C19591 /* CoreVideo.framework */; };
		347BC80A1DD5099100C19591 /* CoreMedia.framework in Frameworks */ = {isa = PBXBuildFile; fileRef = 347BC8091DD5099100C19591 /* CoreMedia.framework */; };
		347BC80C1DD5099A00C19591 /* CoreGraphics.framework in Frameworks */ = {isa = PBXBuildFile; fileRef = 347BC80B1DD5099A00C19591 /* CoreGraphics.framework */; };
		347BC80E1DD509A100C19591 /* AVFoundation.framework in Frameworks */ = {isa = PBXBuildFile; fileRef = 347BC80D1DD509A100C19591 /* AVFoundation.framework */; };
		347BC8101DD509AA00C19591 /* AudioToolbox.framework in Frameworks */ = {isa = PBXBuildFile; fileRef = 347BC80F1DD509AA00C19591 /* AudioToolbox.framework */; };
		347BC8121DD509B100C19591 /* libz.tbd in Frameworks */ = {isa = PBXBuildFile; fileRef = 347BC8111DD509B100C19591 /* libz.tbd */; };
		347BC8141DD509B700C19591 /* libbz2.tbd in Frameworks */ = {isa = PBXBuildFile; fileRef = 347BC8131DD509B700C19591 /* libbz2.tbd */; };
		348B74221DD092420093C5AD /* VCNearLiveCell.m in Sources */ = {isa = PBXBuildFile; fileRef = 348B74201DD092420093C5AD /* VCNearLiveCell.m */; };
		348B74231DD092420093C5AD /* VCNearLiveCell.xib in Resources */ = {isa = PBXBuildFile; fileRef = 348B74211DD092420093C5AD /* VCNearLiveCell.xib */; };
		348B74261DD0924B0093C5AD /* VCLive.m in Sources */ = {isa = PBXBuildFile; fileRef = 348B74251DD0924B0093C5AD /* VCLive.m */; };
		348B74291DD095E80093C5AD /* VCCreator.m in Sources */ = {isa = PBXBuildFile; fileRef = 348B74281DD095E80093C5AD /* VCCreator.m */; };
		348B742C1DD0988E0093C5AD /* UIImageView+SDWebImage.m in Sources */ = {isa = PBXBuildFile; fileRef = 348B742B1DD0988E0093C5AD /* UIImageView+SDWebImage.m */; };
		348B74331DD09DA00093C5AD /* VCNearViewController.m in Sources */ = {isa = PBXBuildFile; fileRef = 348B74311DD09DA00093C5AD /* VCNearViewController.m */; };
		348B74341DD09DA00093C5AD /* VCNearViewController.xib in Resources */ = {isa = PBXBuildFile; fileRef = 348B74321DD09DA00093C5AD /* VCNearViewController.xib */; };
		348B74371DD09ECC0093C5AD /* VCLiveHandler.m in Sources */ = {isa = PBXBuildFile; fileRef = 348B74361DD09ECC0093C5AD /* VCLiveHandler.m */; };
		348B743A1DD09EF60093C5AD /* VCBaseHandler.m in Sources */ = {isa = PBXBuildFile; fileRef = 348B74391DD09EF60093C5AD /* VCBaseHandler.m */; };
		348B743D1DD0A1720093C5AD /* HTTPTool.m in Sources */ = {isa = PBXBuildFile; fileRef = 348B743C1DD0A1720093C5AD /* HTTPTool.m */; };
		348B74411DD0BA060093C5AD /* VCLocationManager.m in Sources */ = {isa = PBXBuildFile; fileRef = 348B74401DD0BA060093C5AD /* VCLocationManager.m */; };
		348B74801DD0D6590093C5AD /* VCAdvertise.m in Sources */ = {isa = PBXBuildFile; fileRef = 348B747F1DD0D6590093C5AD /* VCAdvertise.m */; };
		348B74C31DD381D30093C5AD /* VCHotLiveCell.m in Sources */ = {isa = PBXBuildFile; fileRef = 348B74C11DD381D30093C5AD /* VCHotLiveCell.m */; };
		348B74C41DD381D30093C5AD /* VCHotLiveCell.xib in Resources */ = {isa = PBXBuildFile; fileRef = 348B74C21DD381D30093C5AD /* VCHotLiveCell.xib */; };
		34A62F1C1DC782C100B97EEC /* Assets.xcassets in Resources */ = {isa = PBXBuildFile; fileRef = 34A62F1B1DC782C100B97EEC /* Assets.xcassets */; };
		34B081721DC7700A00D935E8 /* main.m in Sources */ = {isa = PBXBuildFile; fileRef = 34B081711DC7700A00D935E8 /* main.m */; };
		34B0817B1DC7700A00D935E8 /* Main.storyboard in Resources */ = {isa = PBXBuildFile; fileRef = 34B081791DC7700A00D935E8 /* Main.storyboard */; };
		34B081801DC7700A00D935E8 /* LaunchScreen.storyboard in Resources */ = {isa = PBXBuildFile; fileRef = 34B0817E1DC7700A00D935E8 /* LaunchScreen.storyboard */; };
		34B081A51DC7734600D935E8 /* AppDelegate.m in Sources */ = {isa = PBXBuildFile; fileRef = 34B0819F1DC7734600D935E8 /* AppDelegate.m */; };
		34EFD7511DD4C93E0097C595 /* VCPlayerViewController.m in Sources */ = {isa = PBXBuildFile; fileRef = 34EFD74F1DD4C93E0097C595 /* VCPlayerViewController.m */; };
		D63809BD2EB0EE063AC0A3B2 /* libPods-inke-iOS.a in Frameworks */ = {isa = PBXBuildFile; fileRef = A281EF10EA0A0C07E36459C2 /* libPods-inke-iOS.a */; };
/* End PBXBuildFile section */

/* Begin PBXFileReference section */
		280AF393F2A1E1E26C0D65B8 /* Pods-inke-iOS.debug.xcconfig */ = {isa = PBXFileReference; includeInIndex = 1; lastKnownFileType = text.xcconfig; name = "Pods-inke-iOS.debug.xcconfig"; path = "Pods/Target Support Files/Pods-inke-iOS/Pods-inke-iOS.debug.xcconfig"; sourceTree = "<group>"; };
		34045FA91DD4FA0F00F762EF /* IJKMediaFramework.framework */ = {isa = PBXFileReference; lastKnownFileType = wrapper.framework; path = IJKMediaFramework.framework; sourceTree = "<group>"; };
		34045FAD1DD4FC7A00F762EF /* VCLiveChatViewController.h */ = {isa = PBXFileReference; fileEncoding = 4; lastKnownFileType = sourcecode.c.h; path = VCLiveChatViewController.h; sourceTree = "<group>"; };
		34045FAE1DD4FC7A00F762EF /* VCLiveChatViewController.m */ = {isa = PBXFileReference; fileEncoding = 4; lastKnownFileType = sourcecode.c.objc; path = VCLiveChatViewController.m; sourceTree = "<group>"; };
		34045FAF1DD4FC7A00F762EF /* VCLiveChatViewController.xib */ = {isa = PBXFileReference; fileEncoding = 4; lastKnownFileType = file.xib; path = VCLiveChatViewController.xib; sourceTree = "<group>"; };
		342BDBF91DC89AF500CBC313 /* VCLaunchViewController.h */ = {isa = PBXFileReference; fileEncoding = 4; lastKnownFileType = sourcecode.c.h; path = VCLaunchViewController.h; sourceTree = "<group>"; };
		342BDBFA1DC89AF500CBC313 /* VCLaunchViewController.m */ = {isa = PBXFileReference; fileEncoding = 4; lastKnownFileType = sourcecode.c.objc; path = VCLaunchViewController.m; sourceTree = "<group>"; };
		342BDBFB1DC89AF500CBC313 /* VCLaunchViewController.xib */ = {isa = PBXFileReference; fileEncoding = 4; lastKnownFileType = file.xib; path = VCLaunchViewController.xib; sourceTree = "<group>"; };
		342BDBFE1DC8A6FC00CBC313 /* VCFocusViewController.h */ = {isa = PBXFileReference; fileEncoding = 4; lastKnownFileType = sourcecode.c.h; path = VCFocusViewController.h; sourceTree = "<group>"; };
		342BDBFF1DC8A6FC00CBC313 /* VCFocusViewController.m */ = {isa = PBXFileReference; fileEncoding = 4; lastKnownFileType = sourcecode.c.objc; path = VCFocusViewController.m; sourceTree = "<group>"; };
		342BDC001DC8A6FC00CBC313 /* VCFocusViewController.xib */ = {isa = PBXFileReference; fileEncoding = 4; lastKnownFileType = file.xib; path = VCFocusViewController.xib; sourceTree = "<group>"; };
		342BDC031DC8A70B00CBC313 /* VCHotViewController.h */ = {isa = PBXFileReference; fileEncoding = 4; lastKnownFileType = sourcecode.c.h; path = VCHotViewController.h; sourceTree = "<group>"; };
		342BDC041DC8A70B00CBC313 /* VCHotViewController.m */ = {isa = PBXFileReference; fileEncoding = 4; lastKnownFileType = sourcecode.c.objc; path = VCHotViewController.m; sourceTree = "<group>"; };
		342BDC051DC8A70B00CBC313 /* VCHotViewController.xib */ = {isa = PBXFileReference; fileEncoding = 4; lastKnownFileType = file.xib; path = VCHotViewController.xib; sourceTree = "<group>"; };
		342BDC0D1DC8B20A00CBC313 /* VCMainTopView.h */ = {isa = PBXFileReference; fileEncoding = 4; lastKnownFileType = sourcecode.c.h; path = VCMainTopView.h; sourceTree = "<group>"; };
		342BDC0E1DC8B20A00CBC313 /* VCMainTopView.m */ = {isa = PBXFileReference; fileEncoding = 4; lastKnownFileType = sourcecode.c.objc; path = VCMainTopView.m; sourceTree = "<group>"; };
		3443ADE71DC7895400C0FDFF /* VCMacros.h */ = {isa = PBXFileReference; lastKnownFileType = sourcecode.c.h; path = VCMacros.h; sourceTree = "<group>"; };
		3443ADE81DC78AA500C0FDFF /* VCTabBarViewController.h */ = {isa = PBXFileReference; fileEncoding = 4; lastKnownFileType = sourcecode.c.h; path = VCTabBarViewController.h; sourceTree = "<group>"; };
		3443ADE91DC78AA500C0FDFF /* VCTabBarViewController.m */ = {isa = PBXFileReference; fileEncoding = 4; lastKnownFileType = sourcecode.c.objc; path = VCTabBarViewController.m; sourceTree = "<group>"; };
		3443ADEB1DC78ACA00C0FDFF /* VCTabBar.h */ = {isa = PBXFileReference; fileEncoding = 4; lastKnownFileType = sourcecode.c.h; path = VCTabBar.h; sourceTree = "<group>"; };
		3443ADEC1DC78ACA00C0FDFF /* VCTabBar.m */ = {isa = PBXFileReference; fileEncoding = 4; lastKnownFileType = sourcecode.c.objc; path = VCTabBar.m; sourceTree = "<group>"; };
		3443ADEE1DC791D800C0FDFF /* VCBaseViewController.h */ = {isa = PBXFileReference; fileEncoding = 4; lastKnownFileType = sourcecode.c.h; path = VCBaseViewController.h; sourceTree = "<group>"; };
		3443ADEF1DC791D800C0FDFF /* VCBaseViewController.m */ = {isa = PBXFileReference; fileEncoding = 4; lastKnownFileType = sourcecode.c.objc; path = VCBaseViewController.m; sourceTree = "<group>"; };
		3443ADF41DC7927000C0FDFF /* VCMainViewController.h */ = {isa = PBXFileReference; fileEncoding = 4; lastKnownFileType = sourcecode.c.h; path = VCMainViewController.h; sourceTree = "<group>"; };
		3443ADF51DC7927000C0FDFF /* VCMainViewController.m */ = {isa = PBXFileReference; fileEncoding = 4; lastKnownFileType = sourcecode.c.objc; path = VCMainViewController.m; sourceTree = "<group>"; };
		3443ADF61DC7927000C0FDFF /* VCMainViewController.xib */ = {isa = PBXFileReference; fileEncoding = 4; lastKnownFileType = file.xib; path = VCMainViewController.xib; sourceTree = "<group>"; };
		3443ADF91DC7927C00C0FDFF /* VCMeViewController.h */ = {isa = PBXFileReference; fileEncoding = 4; lastKnownFileType = sourcecode.c.h; path = VCMeViewController.h; sourceTree = "<group>"; };
		3443ADFA1DC7927C00C0FDFF /* VCMeViewController.m */ = {isa = PBXFileReference; fileEncoding = 4; lastKnownFileType = sourcecode.c.objc; path = VCMeViewController.m; sourceTree = "<group>"; };
		3443ADFB1DC7927C00C0FDFF /* VCMeViewController.xib */ = {isa = PBXFileReference; fileEncoding = 4; lastKnownFileType = file.xib; path = VCMeViewController.xib; sourceTree = "<group>"; };
		3443AE011DC7939800C0FDFF /* VCBaseNavViewController.h */ = {isa = PBXFileReference; fileEncoding = 4; lastKnownFileType = sourcecode.c.h; path = VCBaseNavViewController.h; sourceTree = "<group>"; };
		3443AE021DC7939800C0FDFF /* VCBaseNavViewController.m */ = {isa = PBXFileReference; fileEncoding = 4; lastKnownFileType = sourcecode.c.objc; path = VCBaseNavViewController.m; sourceTree = "<group>"; };
		347BC7FB1DD5096200C19591 /* VideoToolbox.framework */ = {isa = PBXFileReference; lastKnownFileType = wrapper.framework; name = VideoToolbox.framework; path = System/Library/Frameworks/VideoToolbox.framework; sourceTree = SDKROOT; };
		347BC7FD1DD5096900C19591 /* UIKit.framework */ = {isa = PBXFileReference; lastKnownFileType = wrapper.framework; name = UIKit.framework; path = System/Library/Frameworks/UIKit.framework; sourceTree = SDKROOT; };
		347BC7FF1DD5097200C19591 /* QuartzCore.framework */ = {isa = PBXFileReference; lastKnownFileType = wrapper.framework; name = QuartzCore.framework; path = System/Library/Frameworks/QuartzCore.framework; sourceTree = SDKROOT; };
		347BC8011DD5097900C19591 /* OpenGLES.framework */ = {isa = PBXFileReference; lastKnownFileType = wrapper.framework; name = OpenGLES.framework; path = System/Library/Frameworks/OpenGLES.framework; sourceTree = SDKROOT; };
		347BC8031DD5097F00C19591 /* MobileCoreServices.framework */ = {isa = PBXFileReference; lastKnownFileType = wrapper.framework; name = MobileCoreServices.framework; path = System/Library/Frameworks/MobileCoreServices.framework; sourceTree = SDKROOT; };
		347BC8051DD5098500C19591 /* MediaPlayer.framework */ = {isa = PBXFileReference; lastKnownFileType = wrapper.framework; name = MediaPlayer.framework; path = System/Library/Frameworks/MediaPlayer.framework; sourceTree = SDKROOT; };
		347BC8071DD5098C00C19591 /* CoreVideo.framework */ = {isa = PBXFileReference; lastKnownFileType = wrapper.framework; name = CoreVideo.framework; path = System/Library/Frameworks/CoreVideo.framework; sourceTree = SDKROOT; };
		347BC8091DD5099100C19591 /* CoreMedia.framework */ = {isa = PBXFileReference; lastKnownFileType = wrapper.framework; name = CoreMedia.framework; path = System/Library/Frameworks/CoreMedia.framework; sourceTree = SDKROOT; };
		347BC80B1DD5099A00C19591 /* CoreGraphics.framework */ = {isa = PBXFileReference; lastKnownFileType = wrapper.framework; name = CoreGraphics.framework; path = System/Library/Frameworks/CoreGraphics.framework; sourceTree = SDKROOT; };
		347BC80D1DD509A100C19591 /* AVFoundation.framework */ = {isa = PBXFileReference; lastKnownFileType = wrapper.framework; name = AVFoundation.framework; path = System/Library/Frameworks/AVFoundation.framework; sourceTree = SDKROOT; };
		347BC80F1DD509AA00C19591 /* AudioToolbox.framework */ = {isa = PBXFileReference; lastKnownFileType = wrapper.framework; name = AudioToolbox.framework; path = System/Library/Frameworks/AudioToolbox.framework; sourceTree = SDKROOT; };
		347BC8111DD509B100C19591 /* libz.tbd */ = {isa = PBXFileReference; lastKnownFileType = "sourcecode.text-based-dylib-definition"; name = libz.tbd; path = usr/lib/libz.tbd; sourceTree = SDKROOT; };
		347BC8131DD509B700C19591 /* libbz2.tbd */ = {isa = PBXFileReference; lastKnownFileType = "sourcecode.text-based-dylib-definition"; name = libbz2.tbd; path = usr/lib/libbz2.tbd; sourceTree = SDKROOT; };
		348B741F1DD092420093C5AD /* VCNearLiveCell.h */ = {isa = PBXFileReference; fileEncoding = 4; lastKnownFileType = sourcecode.c.h; path = VCNearLiveCell.h; sourceTree = "<group>"; };
		348B74201DD092420093C5AD /* VCNearLiveCell.m */ = {isa = PBXFileReference; fileEncoding = 4; lastKnownFileType = sourcecode.c.objc; path = VCNearLiveCell.m; sourceTree = "<group>"; };
		348B74211DD092420093C5AD /* VCNearLiveCell.xib */ = {isa = PBXFileReference; fileEncoding = 4; lastKnownFileType = file.xib; path = VCNearLiveCell.xib; sourceTree = "<group>"; };
		348B74241DD0924B0093C5AD /* VCLive.h */ = {isa = PBXFileReference; fileEncoding = 4; lastKnownFileType = sourcecode.c.h; path = VCLive.h; sourceTree = "<group>"; };
		348B74251DD0924B0093C5AD /* VCLive.m */ = {isa = PBXFileReference; fileEncoding = 4; lastKnownFileType = sourcecode.c.objc; path = VCLive.m; sourceTree = "<group>"; };
		348B74271DD095E80093C5AD /* VCCreator.h */ = {isa = PBXFileReference; fileEncoding = 4; lastKnownFileType = sourcecode.c.h; path = VCCreator.h; sourceTree = "<group>"; };
		348B74281DD095E80093C5AD /* VCCreator.m */ = {isa = PBXFileReference; fileEncoding = 4; lastKnownFileType = sourcecode.c.objc; path = VCCreator.m; sourceTree = "<group>"; };
		348B742A1DD0988E0093C5AD /* UIImageView+SDWebImage.h */ = {isa = PBXFileReference; fileEncoding = 4; lastKnownFileType = sourcecode.c.h; path = "UIImageView+SDWebImage.h"; sourceTree = "<group>"; };
		348B742B1DD0988E0093C5AD /* UIImageView+SDWebImage.m */ = {isa = PBXFileReference; fileEncoding = 4; lastKnownFileType = sourcecode.c.objc; path = "UIImageView+SDWebImage.m"; sourceTree = "<group>"; };
		348B74301DD09DA00093C5AD /* VCNearViewController.h */ = {isa = PBXFileReference; fileEncoding = 4; lastKnownFileType = sourcecode.c.h; path = VCNearViewController.h; sourceTree = "<group>"; };
		348B74311DD09DA00093C5AD /* VCNearViewController.m */ = {isa = PBXFileReference; fileEncoding = 4; lastKnownFileType = sourcecode.c.objc; path = VCNearViewController.m; sourceTree = "<group>"; };
		348B74321DD09DA00093C5AD /* VCNearViewController.xib */ = {isa = PBXFileReference; fileEncoding = 4; lastKnownFileType = file.xib; path = VCNearViewController.xib; sourceTree = "<group>"; };
		348B74351DD09ECC0093C5AD /* VCLiveHandler.h */ = {isa = PBXFileReference; fileEncoding = 4; lastKnownFileType = sourcecode.c.h; path = VCLiveHandler.h; sourceTree = "<group>"; };
		348B74361DD09ECC0093C5AD /* VCLiveHandler.m */ = {isa = PBXFileReference; fileEncoding = 4; lastKnownFileType = sourcecode.c.objc; path = VCLiveHandler.m; sourceTree = "<group>"; };
		348B74381DD09EF60093C5AD /* VCBaseHandler.h */ = {isa = PBXFileReference; fileEncoding = 4; lastKnownFileType = sourcecode.c.h; path = VCBaseHandler.h; sourceTree = "<group>"; };
		348B74391DD09EF60093C5AD /* VCBaseHandler.m */ = {isa = PBXFileReference; fileEncoding = 4; lastKnownFileType = sourcecode.c.objc; path = VCBaseHandler.m; sourceTree = "<group>"; };
		348B743B1DD0A1720093C5AD /* HTTPTool.h */ = {isa = PBXFileReference; fileEncoding = 4; lastKnownFileType = sourcecode.c.h; path = HTTPTool.h; sourceTree = "<group>"; };
		348B743C1DD0A1720093C5AD /* HTTPTool.m */ = {isa = PBXFileReference; fileEncoding = 4; lastKnownFileType = sourcecode.c.objc; path = HTTPTool.m; sourceTree = "<group>"; };
		348B743E1DD0AB2D0093C5AD /* APIConfig.h */ = {isa = PBXFileReference; lastKnownFileType = sourcecode.c.h; path = APIConfig.h; sourceTree = "<group>"; };
		348B743F1DD0BA060093C5AD /* VCLocationManager.h */ = {isa = PBXFileReference; fileEncoding = 4; lastKnownFileType = sourcecode.c.h; path = VCLocationManager.h; sourceTree = "<group>"; };
		348B74401DD0BA060093C5AD /* VCLocationManager.m */ = {isa = PBXFileReference; fileEncoding = 4; lastKnownFileType = sourcecode.c.objc; path = VCLocationManager.m; sourceTree = "<group>"; };
		348B747E1DD0D6590093C5AD /* VCAdvertise.h */ = {isa = PBXFileReference; fileEncoding = 4; lastKnownFileType = sourcecode.c.h; path = VCAdvertise.h; sourceTree = "<group>"; };
		348B747F1DD0D6590093C5AD /* VCAdvertise.m */ = {isa = PBXFileReference; fileEncoding = 4; lastKnownFileType = sourcecode.c.objc; path = VCAdvertise.m; sourceTree = "<group>"; };
		348B74C01DD381D30093C5AD /* VCHotLiveCell.h */ = {isa = PBXFileReference; fileEncoding = 4; lastKnownFileType = sourcecode.c.h; path = VCHotLiveCell.h; sourceTree = "<group>"; };
		348B74C11DD381D30093C5AD /* VCHotLiveCell.m */ = {isa = PBXFileReference; fileEncoding = 4; lastKnownFileType = sourcecode.c.objc; path = VCHotLiveCell.m; sourceTree = "<group>"; };
		348B74C21DD381D30093C5AD /* VCHotLiveCell.xib */ = {isa = PBXFileReference; fileEncoding = 4; lastKnownFileType = file.xib; path = VCHotLiveCell.xib; sourceTree = "<group>"; };
		34A62F1B1DC782C100B97EEC /* Assets.xcassets */ = {isa = PBXFileReference; lastKnownFileType = folder.assetcatalog; path = Assets.xcassets; sourceTree = "<group>"; };
		34B0816D1DC7700A00D935E8 /* inke-iOS.app */ = {isa = PBXFileReference; explicitFileType = wrapper.application; includeInIndex = 0; path = "inke-iOS.app"; sourceTree = BUILT_PRODUCTS_DIR; };
		34B081711DC7700A00D935E8 /* main.m */ = {isa = PBXFileReference; lastKnownFileType = sourcecode.c.objc; path = main.m; sourceTree = "<group>"; };
		34B0817A1DC7700A00D935E8 /* Base */ = {isa = PBXFileReference; lastKnownFileType = file.storyboard; name = Base; path = Base.lproj/Main.storyboard; sourceTree = "<group>"; };
		34B0817F1DC7700A00D935E8 /* Base */ = {isa = PBXFileReference; lastKnownFileType = file.storyboard; name = Base; path = Base.lproj/LaunchScreen.storyboard; sourceTree = "<group>"; };
		34B081811DC7700A00D935E8 /* Info.plist */ = {isa = PBXFileReference; lastKnownFileType = text.plist.xml; path = Info.plist; sourceTree = "<group>"; };
		34B0819E1DC7734600D935E8 /* AppDelegate.h */ = {isa = PBXFileReference; fileEncoding = 4; lastKnownFileType = sourcecode.c.h; path = AppDelegate.h; sourceTree = "<group>"; };
		34B0819F1DC7734600D935E8 /* AppDelegate.m */ = {isa = PBXFileReference; fileEncoding = 4; lastKnownFileType = sourcecode.c.objc; path = AppDelegate.m; sourceTree = "<group>"; };
		34B081A61DC7789F00D935E8 /* inke-iOS.pch */ = {isa = PBXFileReference; lastKnownFileType = sourcecode.c.h; path = "inke-iOS.pch"; sourceTree = "<group>"; };
		34EFD74E1DD4C93E0097C595 /* VCPlayerViewController.h */ = {isa = PBXFileReference; fileEncoding = 4; lastKnownFileType = sourcecode.c.h; path = VCPlayerViewController.h; sourceTree = "<group>"; };
		34EFD74F1DD4C93E0097C595 /* VCPlayerViewController.m */ = {isa = PBXFileReference; fileEncoding = 4; lastKnownFileType = sourcecode.c.objc; path = VCPlayerViewController.m; sourceTree = "<group>"; };
		5B31490BDF7407BEA74E5195 /* Pods-inke-iOS.release.xcconfig */ = {isa = PBXFileReference; includeInIndex = 1; lastKnownFileType = text.xcconfig; name = "Pods-inke-iOS.release.xcconfig"; path = "Pods/Target Support Files/Pods-inke-iOS/Pods-inke-iOS.release.xcconfig"; sourceTree = "<group>"; };
		A281EF10EA0A0C07E36459C2 /* libPods-inke-iOS.a */ = {isa = PBXFileReference; explicitFileType = archive.ar; includeInIndex = 0; path = "libPods-inke-iOS.a"; sourceTree = BUILT_PRODUCTS_DIR; };
/* End PBXFileReference section */

/* Begin PBXFrameworksBuildPhase section */
		34B0816A1DC7700A00D935E8 /* Frameworks */ = {
			isa = PBXFrameworksBuildPhase;
			buildActionMask = 2147483647;
			files = (
				347BC8141DD509B700C19591 /* libbz2.tbd in Frameworks */,
				347BC8121DD509B100C19591 /* libz.tbd in Frameworks */,
				347BC8101DD509AA00C19591 /* AudioToolbox.framework in Frameworks */,
				347BC80E1DD509A100C19591 /* AVFoundation.framework in Frameworks */,
				347BC80C1DD5099A00C19591 /* CoreGraphics.framework in Frameworks */,
				347BC80A1DD5099100C19591 /* CoreMedia.framework in Frameworks */,
				347BC8081DD5098C00C19591 /* CoreVideo.framework in Frameworks */,
				347BC8061DD5098500C19591 /* MediaPlayer.framework in Frameworks */,
				347BC8041DD5097F00C19591 /* MobileCoreServices.framework in Frameworks */,
				347BC8021DD5097900C19591 /* OpenGLES.framework in Frameworks */,
				347BC8001DD5097200C19591 /* QuartzCore.framework in Frameworks */,
				347BC7FE1DD5096900C19591 /* UIKit.framework in Frameworks */,
				347BC7FC1DD5096200C19591 /* VideoToolbox.framework in Frameworks */,
				34045FAA1DD4FA0F00F762EF /* IJKMediaFramework.framework in Frameworks */,
				D63809BD2EB0EE063AC0A3B2 /* libPods-inke-iOS.a in Frameworks */,
			);
			runOnlyForDeploymentPostprocessing = 0;
		};
/* End PBXFrameworksBuildPhase section */

/* Begin PBXGroup section */
		34045F8C1DD4F8D100F762EF /* Frameworks */ = {
			isa = PBXGroup;
			children = (
				347BC8131DD509B700C19591 /* libbz2.tbd */,
				347BC8111DD509B100C19591 /* libz.tbd */,
				347BC80F1DD509AA00C19591 /* AudioToolbox.framework */,
				347BC80D1DD509A100C19591 /* AVFoundation.framework */,
				347BC80B1DD5099A00C19591 /* CoreGraphics.framework */,
				347BC8091DD5099100C19591 /* CoreMedia.framework */,
				347BC8071DD5098C00C19591 /* CoreVideo.framework */,
				347BC8051DD5098500C19591 /* MediaPlayer.framework */,
				347BC8031DD5097F00C19591 /* MobileCoreServices.framework */,
				347BC8011DD5097900C19591 /* OpenGLES.framework */,
				347BC7FF1DD5097200C19591 /* QuartzCore.framework */,
				347BC7FD1DD5096900C19591 /* UIKit.framework */,
				347BC7FB1DD5096200C19591 /* VideoToolbox.framework */,
				34045FA91DD4FA0F00F762EF /* IJKMediaFramework.framework */,
				A281EF10EA0A0C07E36459C2 /* libPods-inke-iOS.a */,
			);
			name = Frameworks;
			sourceTree = "<group>";
		};
		34B081641DC7700A00D935E8 = {
			isa = PBXGroup;
			children = (
				34B0816F1DC7700A00D935E8 /* inke-iOS */,
				34B0816E1DC7700A00D935E8 /* Products */,
				50FBB064817D7F2F4E7C2947 /* Pods */,
				34045F8C1DD4F8D100F762EF /* Frameworks */,
			);
			sourceTree = "<group>";
		};
		34B0816E1DC7700A00D935E8 /* Products */ = {
			isa = PBXGroup;
			children = (
				34B0816D1DC7700A00D935E8 /* inke-iOS.app */,
			);
			name = Products;
			sourceTree = "<group>";
		};
		34B0816F1DC7700A00D935E8 /* inke-iOS */ = {
			isa = PBXGroup;
			children = (
				34B081871DC7734600D935E8 /* Class */,
				34B081701DC7700A00D935E8 /* Supporting Files */,
			);
			path = "inke-iOS";
			sourceTree = "<group>";
		};
		34B081701DC7700A00D935E8 /* Supporting Files */ = {
			isa = PBXGroup;
			children = (
				34B081791DC7700A00D935E8 /* Main.storyboard */,
				34A62F1B1DC782C100B97EEC /* Assets.xcassets */,
				34B0817E1DC7700A00D935E8 /* LaunchScreen.storyboard */,
				34B081811DC7700A00D935E8 /* Info.plist */,
				34B081711DC7700A00D935E8 /* main.m */,
			);
			name = "Supporting Files";
			sourceTree = "<group>";
		};
		34B081871DC7734600D935E8 /* Class */ = {
			isa = PBXGroup;
			children = (
				34B081881DC7734600D935E8 /* Base */,
				34B081891DC7734600D935E8 /* Helper */,
				34B0818C1DC7734600D935E8 /* Launch */,
				34B081911DC7734600D935E8 /* Lib */,
				34B081921DC7734600D935E8 /* Live */,
				34B081971DC7734600D935E8 /* Me */,
				34B0819C1DC7734600D935E8 /* Network */,
				34B0819D1DC7734600D935E8 /* Other */,
				34B081A01DC7734600D935E8 /* Show */,
			);
			path = Class;
			sourceTree = "<group>";
		};
		34B081881DC7734600D935E8 /* Base */ = {
			isa = PBXGroup;
			children = (
				3443ADE81DC78AA500C0FDFF /* VCTabBarViewController.h */,
				3443ADE91DC78AA500C0FDFF /* VCTabBarViewController.m */,
				3443ADEB1DC78ACA00C0FDFF /* VCTabBar.h */,
				3443ADEC1DC78ACA00C0FDFF /* VCTabBar.m */,
				3443ADEE1DC791D800C0FDFF /* VCBaseViewController.h */,
				3443ADEF1DC791D800C0FDFF /* VCBaseViewController.m */,
				3443AE011DC7939800C0FDFF /* VCBaseNavViewController.h */,
				3443AE021DC7939800C0FDFF /* VCBaseNavViewController.m */,
				348B74381DD09EF60093C5AD /* VCBaseHandler.h */,
				348B74391DD09EF60093C5AD /* VCBaseHandler.m */,
			);
			path = Base;
			sourceTree = "<group>";
		};
		34B081891DC7734600D935E8 /* Helper */ = {
			isa = PBXGroup;
			children = (
				34B0818A1DC7734600D935E8 /* Category */,
				34B0818B1DC7734600D935E8 /* Tools */,
			);
			path = Helper;
			sourceTree = "<group>";
		};
		34B0818A1DC7734600D935E8 /* Category */ = {
			isa = PBXGroup;
			children = (
			);
			path = Category;
			sourceTree = "<group>";
		};
		34B0818B1DC7734600D935E8 /* Tools */ = {
			isa = PBXGroup;
			children = (
				348B743F1DD0BA060093C5AD /* VCLocationManager.h */,
				348B74401DD0BA060093C5AD /* VCLocationManager.m */,
			);
			path = Tools;
			sourceTree = "<group>";
		};
		34B0818C1DC7734600D935E8 /* Launch */ = {
			isa = PBXGroup;
			children = (
				34B0818D1DC7734600D935E8 /* Handler */,
				34B0818E1DC7734600D935E8 /* Model */,
				34B0818F1DC7734600D935E8 /* View */,
				34B081901DC7734600D935E8 /* ViewController */,
			);
			path = Launch;
			sourceTree = "<group>";
		};
		34B0818D1DC7734600D935E8 /* Handler */ = {
			isa = PBXGroup;
			children = (
			);
			path = Handler;
			sourceTree = "<group>";
		};
		34B0818E1DC7734600D935E8 /* Model */ = {
			isa = PBXGroup;
			children = (
			);
			path = Model;
			sourceTree = "<group>";
		};
		34B0818F1DC7734600D935E8 /* View */ = {
			isa = PBXGroup;
			children = (
			);
			path = View;
			sourceTree = "<group>";
		};
		34B081901DC7734600D935E8 /* ViewController */ = {
			isa = PBXGroup;
			children = (
			);
			path = ViewController;
			sourceTree = "<group>";
		};
		34B081911DC7734600D935E8 /* Lib */ = {
			isa = PBXGroup;
			children = (
			);
			path = Lib;
			sourceTree = "<group>";
		};
		34B081921DC7734600D935E8 /* Live */ = {
			isa = PBXGroup;
			children = (
				34B081931DC7734600D935E8 /* Handler */,
				34B081941DC7734600D935E8 /* Model */,
				34B081951DC7734600D935E8 /* View */,
				34B081961DC7734600D935E8 /* ViewController */,
			);
			path = Live;
			sourceTree = "<group>";
		};
		34B081931DC7734600D935E8 /* Handler */ = {
			isa = PBXGroup;
			children = (
			);
			path = Handler;
			sourceTree = "<group>";
		};
		34B081941DC7734600D935E8 /* Model */ = {
			isa = PBXGroup;
			children = (
			);
			path = Model;
			sourceTree = "<group>";
		};
		34B081951DC7734600D935E8 /* View */ = {
			isa = PBXGroup;
			children = (
			);
			path = View;
			sourceTree = "<group>";
		};
		34B081961DC7734600D935E8 /* ViewController */ = {
			isa = PBXGroup;
			children = (
				342BDBF91DC89AF500CBC313 /* VCLaunchViewController.h */,
				342BDBFA1DC89AF500CBC313 /* VCLaunchViewController.m */,
				342BDBFB1DC89AF500CBC313 /* VCLaunchViewController.xib */,
			);
			path = ViewController;
			sourceTree = "<group>";
		};
		34B081971DC7734600D935E8 /* Me */ = {
			isa = PBXGroup;
			children = (
				34B081981DC7734600D935E8 /* Handler */,
				34B081991DC7734600D935E8 /* Model */,
				34B0819A1DC7734600D935E8 /* View */,
				34B0819B1DC7734600D935E8 /* ViewController */,
			);
			path = Me;
			sourceTree = "<group>";
		};
		34B081981DC7734600D935E8 /* Handler */ = {
			isa = PBXGroup;
			children = (
			);
			path = Handler;
			sourceTree = "<group>";
		};
		34B081991DC7734600D935E8 /* Model */ = {
			isa = PBXGroup;
			children = (
			);
			path = Model;
			sourceTree = "<group>";
		};
		34B0819A1DC7734600D935E8 /* View */ = {
			isa = PBXGroup;
			children = (
			);
			path = View;
			sourceTree = "<group>";
		};
		34B0819B1DC7734600D935E8 /* ViewController */ = {
			isa = PBXGroup;
			children = (
			);
			path = ViewController;
			sourceTree = "<group>";
		};
		34B0819C1DC7734600D935E8 /* Network */ = {
			isa = PBXGroup;
			children = (
				348B742A1DD0988E0093C5AD /* UIImageView+SDWebImage.h */,
				348B742B1DD0988E0093C5AD /* UIImageView+SDWebImage.m */,
				348B743B1DD0A1720093C5AD /* HTTPTool.h */,
				348B743C1DD0A1720093C5AD /* HTTPTool.m */,
				348B743E1DD0AB2D0093C5AD /* APIConfig.h */,
			);
			path = Network;
			sourceTree = "<group>";
		};
		34B0819D1DC7734600D935E8 /* Other */ = {
			isa = PBXGroup;
			children = (
				34B0819E1DC7734600D935E8 /* AppDelegate.h */,
				34B0819F1DC7734600D935E8 /* AppDelegate.m */,
				34B081A61DC7789F00D935E8 /* inke-iOS.pch */,
				3443ADE71DC7895400C0FDFF /* VCMacros.h */,
			);
			path = Other;
			sourceTree = "<group>";
		};
		34B081A01DC7734600D935E8 /* Show */ = {
			isa = PBXGroup;
			children = (
				34B081A11DC7734600D935E8 /* Handler */,
				34B081A21DC7734600D935E8 /* Model */,
				34B081A31DC7734600D935E8 /* View */,
				34B081A41DC7734600D935E8 /* ViewController */,
			);
			path = Show;
			sourceTree = "<group>";
		};
		34B081A11DC7734600D935E8 /* Handler */ = {
			isa = PBXGroup;
			children = (
				348B74351DD09ECC0093C5AD /* VCLiveHandler.h */,
				348B74361DD09ECC0093C5AD /* VCLiveHandler.m */,
			);
			path = Handler;
			sourceTree = "<group>";
		};
		34B081A21DC7734600D935E8 /* Model */ = {
			isa = PBXGroup;
			children = (
				348B74241DD0924B0093C5AD /* VCLive.h */,
				348B74251DD0924B0093C5AD /* VCLive.m */,
				348B74271DD095E80093C5AD /* VCCreator.h */,
				348B74281DD095E80093C5AD /* VCCreator.m */,
				348B747E1DD0D6590093C5AD /* VCAdvertise.h */,
				348B747F1DD0D6590093C5AD /* VCAdvertise.m */,
			);
			path = Model;
			sourceTree = "<group>";
		};
		34B081A31DC7734600D935E8 /* View */ = {
			isa = PBXGroup;
			children = (
				342BDC0D1DC8B20A00CBC313 /* VCMainTopView.h */,
				342BDC0E1DC8B20A00CBC313 /* VCMainTopView.m */,
				348B741F1DD092420093C5AD /* VCNearLiveCell.h */,
				348B74201DD092420093C5AD /* VCNearLiveCell.m */,
				348B74211DD092420093C5AD /* VCNearLiveCell.xib */,
				348B74C01DD381D30093C5AD /* VCHotLiveCell.h */,
				348B74C11DD381D30093C5AD /* VCHotLiveCell.m */,
				348B74C21DD381D30093C5AD /* VCHotLiveCell.xib */,
			);
			path = View;
			sourceTree = "<group>";
		};
		34B081A41DC7734600D935E8 /* ViewController */ = {
			isa = PBXGroup;
			children = (
				3443ADF41DC7927000C0FDFF /* VCMainViewController.h */,
				3443ADF51DC7927000C0FDFF /* VCMainViewController.m */,
				3443ADF61DC7927000C0FDFF /* VCMainViewController.xib */,
				3443ADF91DC7927C00C0FDFF /* VCMeViewController.h */,
				3443ADFA1DC7927C00C0FDFF /* VCMeViewController.m */,
				3443ADFB1DC7927C00C0FDFF /* VCMeViewController.xib */,
				342BDBFE1DC8A6FC00CBC313 /* VCFocusViewController.h */,
				342BDBFF1DC8A6FC00CBC313 /* VCFocusViewController.m */,
				342BDC001DC8A6FC00CBC313 /* VCFocusViewController.xib */,
				342BDC031DC8A70B00CBC313 /* VCHotViewController.h */,
				342BDC041DC8A70B00CBC313 /* VCHotViewController.m */,
				342BDC051DC8A70B00CBC313 /* VCHotViewController.xib */,
				348B74301DD09DA00093C5AD /* VCNearViewController.h */,
				348B74311DD09DA00093C5AD /* VCNearViewController.m */,
				348B74321DD09DA00093C5AD /* VCNearViewController.xib */,
				34EFD74E1DD4C93E0097C595 /* VCPlayerViewController.h */,
				34EFD74F1DD4C93E0097C595 /* VCPlayerViewController.m */,
				34045FAD1DD4FC7A00F762EF /* VCLiveChatViewController.h */,
				34045FAE1DD4FC7A00F762EF /* VCLiveChatViewController.m */,
				34045FAF1DD4FC7A00F762EF /* VCLiveChatViewController.xib */,
			);
			path = ViewController;
			sourceTree = "<group>";
		};
		50FBB064817D7F2F4E7C2947 /* Pods */ = {
			isa = PBXGroup;
			children = (
				280AF393F2A1E1E26C0D65B8 /* Pods-inke-iOS.debug.xcconfig */,
				5B31490BDF7407BEA74E5195 /* Pods-inke-iOS.release.xcconfig */,
			);
			name = Pods;
			sourceTree = "<group>";
		};
/* End PBXGroup section */

/* Begin PBXNativeTarget section */
		34B0816C1DC7700A00D935E8 /* inke-iOS */ = {
			isa = PBXNativeTarget;
			buildConfigurationList = 34B081841DC7700A00D935E8 /* Build configuration list for PBXNativeTarget "inke-iOS" */;
			buildPhases = (
				4B1AA51E0494C66C7E986227 /* [CP] Check Pods Manifest.lock */,
				34B081691DC7700A00D935E8 /* Sources */,
				34B0816A1DC7700A00D935E8 /* Frameworks */,
				34B0816B1DC7700A00D935E8 /* Resources */,
				123C5A8B0E13045FAAF8C307 /* [CP] Embed Pods Frameworks */,
				4D38EA155CA6970CD5CA24C2 /* [CP] Copy Pods Resources */,
			);
			buildRules = (
			);
			dependencies = (
			);
			name = "inke-iOS";
			productName = "inke-iOS";
			productReference = 34B0816D1DC7700A00D935E8 /* inke-iOS.app */;
			productType = "com.apple.product-type.application";
		};
/* End PBXNativeTarget section */

/* Begin PBXProject section */
		34B081651DC7700A00D935E8 /* Project object */ = {
			isa = PBXProject;
			attributes = {
				CLASSPREFIX = VC;
				LastUpgradeCheck = 0810;
				ORGANIZATIONNAME = VoyageCN;
				TargetAttributes = {
					34B0816C1DC7700A00D935E8 = {
						CreatedOnToolsVersion = 8.0;
						DevelopmentTeam = F7C55VYF9A;
						ProvisioningStyle = Automatic;
					};
				};
			};
			buildConfigurationList = 34B081681DC7700A00D935E8 /* Build configuration list for PBXProject "inke-iOS" */;
			compatibilityVersion = "Xcode 3.2";
			developmentRegion = English;
			hasScannedForEncodings = 0;
			knownRegions = (
				en,
				Base,
			);
			mainGroup = 34B081641DC7700A00D935E8;
			productRefGroup = 34B0816E1DC7700A00D935E8 /* Products */;
			projectDirPath = "";
			projectRoot = "";
			targets = (
				34B0816C1DC7700A00D935E8 /* inke-iOS */,
			);
		};
/* End PBXProject section */

/* Begin PBXResourcesBuildPhase section */
		34B0816B1DC7700A00D935E8 /* Resources */ = {
			isa = PBXResourcesBuildPhase;
			buildActionMask = 2147483647;
			files = (
				34B081801DC7700A00D935E8 /* LaunchScreen.storyboard in Resources */,
				348B74341DD09DA00093C5AD /* VCNearViewController.xib in Resources */,
				34A62F1C1DC782C100B97EEC /* Assets.xcassets in Resources */,
				348B74C41DD381D30093C5AD /* VCHotLiveCell.xib in Resources */,
				342BDBFD1DC89AF500CBC313 /* VCLaunchViewController.xib in Resources */,
				342BDC071DC8A70B00CBC313 /* VCHotViewController.xib in Resources */,
				3443ADFD1DC7927C00C0FDFF /* VCMeViewController.xib in Resources */,
				3443ADF81DC7927000C0FDFF /* VCMainViewController.xib in Resources */,
				34045FB11DD4FC7A00F762EF /* VCLiveChatViewController.xib in Resources */,
				348B74231DD092420093C5AD /* VCNearLiveCell.xib in Resources */,
				342BDC021DC8A6FC00CBC313 /* VCFocusViewController.xib in Resources */,
				34B0817B1DC7700A00D935E8 /* Main.storyboard in Resources */,
			);
			runOnlyForDeploymentPostprocessing = 0;
		};
/* End PBXResourcesBuildPhase section */

/* Begin PBXShellScriptBuildPhase section */
		123C5A8B0E13045FAAF8C307 /* [CP] Embed Pods Frameworks */ = {
			isa = PBXShellScriptBuildPhase;
			buildActionMask = 2147483647;
			files = (
			);
			inputPaths = (
			);
			name = "[CP] Embed Pods Frameworks";
			outputPaths = (
			);
			runOnlyForDeploymentPostprocessing = 0;
			shellPath = /bin/sh;
			shellScript = "\"${SRCROOT}/Pods/Target Support Files/Pods-inke-iOS/Pods-inke-iOS-frameworks.sh\"\n";
			showEnvVarsInLog = 0;
		};
		4B1AA51E0494C66C7E986227 /* [CP] Check Pods Manifest.lock */ = {
			isa = PBXShellScriptBuildPhase;
			buildActionMask = 2147483647;
			files = (
			);
			inputPaths = (
			);
			name = "[CP] Check Pods Manifest.lock";
			outputPaths = (
			);
			runOnlyForDeploymentPostprocessing = 0;
			shellPath = /bin/sh;
			shellScript = "diff \"${PODS_ROOT}/../Podfile.lock\" \"${PODS_ROOT}/Manifest.lock\" > /dev/null\nif [[ $? != 0 ]] ; then\n    cat << EOM\nerror: The sandbox is not in sync with the Podfile.lock. Run 'pod install' or update your CocoaPods installation.\nEOM\n    exit 1\nfi\n";
			showEnvVarsInLog = 0;
		};
		4D38EA155CA6970CD5CA24C2 /* [CP] Copy Pods Resources */ = {
			isa = PBXShellScriptBuildPhase;
			buildActionMask = 2147483647;
			files = (
			);
			inputPaths = (
			);
			name = "[CP] Copy Pods Resources";
			outputPaths = (
			);
			runOnlyForDeploymentPostprocessing = 0;
			shellPath = /bin/sh;
			shellScript = "\"${SRCROOT}/Pods/Target Support Files/Pods-inke-iOS/Pods-inke-iOS-resources.sh\"\n";
			showEnvVarsInLog = 0;
		};
/* End PBXShellScriptBuildPhase section */

/* Begin PBXSourcesBuildPhase section */
		34B081691DC7700A00D935E8 /* Sources */ = {
			isa = PBXSourcesBuildPhase;
			buildActionMask = 2147483647;
			files = (
				342BDBFC1DC89AF500CBC313 /* VCLaunchViewController.m in Sources */,
				3443ADF01DC791D800C0FDFF /* VCBaseViewController.m in Sources */,
				342BDC011DC8A6FC00CBC313 /* VCFocusViewController.m in Sources */,
				3443ADEA1DC78AA500C0FDFF /* VCTabBarViewController.m in Sources */,
				348B74221DD092420093C5AD /* VCNearLiveCell.m in Sources */,
				342BDC061DC8A70B00CBC313 /* VCHotViewController.m in Sources */,
				348B74411DD0BA060093C5AD /* VCLocationManager.m in Sources */,
				348B74C31DD381D30093C5AD /* VCHotLiveCell.m in Sources */,
				34EFD7511DD4C93E0097C595 /* VCPlayerViewController.m in Sources */,
				348B74371DD09ECC0093C5AD /* VCLiveHandler.m in Sources */,
				342BDC0F1DC8B20A00CBC313 /* VCMainTopView.m in Sources */,
				348B743D1DD0A1720093C5AD /* HTTPTool.m in Sources */,
				348B74261DD0924B0093C5AD /* VCLive.m in Sources */,
				34B081A51DC7734600D935E8 /* AppDelegate.m in Sources */,
				348B74801DD0D6590093C5AD /* VCAdvertise.m in Sources */,
				3443ADED1DC78ACA00C0FDFF /* VCTabBar.m in Sources */,
				348B743A1DD09EF60093C5AD /* VCBaseHandler.m in Sources */,
				348B742C1DD0988E0093C5AD /* UIImageView+SDWebImage.m in Sources */,
				3443AE031DC7939800C0FDFF /* VCBaseNavViewController.m in Sources */,
				348B74331DD09DA00093C5AD /* VCNearViewController.m in Sources */,
				3443ADFC1DC7927C00C0FDFF /* VCMeViewController.m in Sources */,
				3443ADF71DC7927000C0FDFF /* VCMainViewController.m in Sources */,
				34B081721DC7700A00D935E8 /* main.m in Sources */,
				34045FB01DD4FC7A00F762EF /* VCLiveChatViewController.m in Sources */,
				348B74291DD095E80093C5AD /* VCCreator.m in Sources */,
			);
			runOnlyForDeploymentPostprocessing = 0;
		};
/* End PBXSourcesBuildPhase section */

/* Begin PBXVariantGroup section */
		34B081791DC7700A00D935E8 /* Main.storyboard */ = {
			isa = PBXVariantGroup;
			children = (
				34B0817A1DC7700A00D935E8 /* Base */,
			);
			name = Main.storyboard;
			sourceTree = "<group>";
		};
		34B0817E1DC7700A00D935E8 /* LaunchScreen.storyboard */ = {
			isa = PBXVariantGroup;
			children = (
				34B0817F1DC7700A00D935E8 /* Base */,
			);
			name = LaunchScreen.storyboard;
			sourceTree = "<group>";
		};
/* End PBXVariantGroup section */

/* Begin XCBuildConfiguration section */
		34B081821DC7700A00D935E8 /* Debug */ = {
			isa = XCBuildConfiguration;
			buildSettings = {
				ALWAYS_SEARCH_USER_PATHS = NO;
				CLANG_ANALYZER_NONNULL = YES;
				CLANG_CXX_LANGUAGE_STANDARD = "gnu++0x";
				CLANG_CXX_LIBRARY = "libc++";
				CLANG_ENABLE_MODULES = YES;
				CLANG_ENABLE_OBJC_ARC = YES;
				CLANG_WARN_BOOL_CONVERSION = YES;
				CLANG_WARN_CONSTANT_CONVERSION = YES;
				CLANG_WARN_DIRECT_OBJC_ISA_USAGE = YES_ERROR;
				CLANG_WARN_DOCUMENTATION_COMMENTS = YES;
				CLANG_WARN_EMPTY_BODY = YES;
				CLANG_WARN_ENUM_CONVERSION = YES;
				CLANG_WARN_INFINITE_RECURSION = YES;
				CLANG_WARN_INT_CONVERSION = YES;
				CLANG_WARN_OBJC_ROOT_CLASS = YES_ERROR;
				CLANG_WARN_SUSPICIOUS_MOVE = YES;
				CLANG_WARN_SUSPICIOUS_MOVES = YES;
				CLANG_WARN_UNREACHABLE_CODE = YES;
				CLANG_WARN__DUPLICATE_METHOD_MATCH = YES;
				"CODE_SIGN_IDENTITY[sdk=iphoneos*]" = "iPhone Developer";
				COPY_PHASE_STRIP = NO;
				DEBUG_INFORMATION_FORMAT = dwarf;
				ENABLE_STRICT_OBJC_MSGSEND = YES;
				ENABLE_TESTABILITY = YES;
				GCC_C_LANGUAGE_STANDARD = gnu99;
				GCC_DYNAMIC_NO_PIC = NO;
				GCC_NO_COMMON_BLOCKS = YES;
				GCC_OPTIMIZATION_LEVEL = 0;
				GCC_PREPROCESSOR_DEFINITIONS = (
					"DEBUG=1",
					"$(inherited)",
				);
				GCC_WARN_64_TO_32_BIT_CONVERSION = YES;
				GCC_WARN_ABOUT_RETURN_TYPE = YES_ERROR;
				GCC_WARN_UNDECLARED_SELECTOR = YES;
				GCC_WARN_UNINITIALIZED_AUTOS = YES_AGGRESSIVE;
				GCC_WARN_UNUSED_FUNCTION = YES;
				GCC_WARN_UNUSED_VARIABLE = YES;
				IPHONEOS_DEPLOYMENT_TARGET = 10.1;
				MTL_ENABLE_DEBUG_INFO = YES;
				ONLY_ACTIVE_ARCH = YES;
				SDKROOT = iphoneos;
			};
			name = Debug;
		};
		34B081831DC7700A00D935E8 /* Release */ = {
			isa = XCBuildConfiguration;
			buildSettings = {
				ALWAYS_SEARCH_USER_PATHS = NO;
				CLANG_ANALYZER_NONNULL = YES;
				CLANG_CXX_LANGUAGE_STANDARD = "gnu++0x";
				CLANG_CXX_LIBRARY = "libc++";
				CLANG_ENABLE_MODULES = YES;
				CLANG_ENABLE_OBJC_ARC = YES;
				CLANG_WARN_BOOL_CONVERSION = YES;
				CLANG_WARN_CONSTANT_CONVERSION = YES;
				CLANG_WARN_DIRECT_OBJC_ISA_USAGE = YES_ERROR;
				CLANG_WARN_DOCUMENTATION_COMMENTS = YES;
				CLANG_WARN_EMPTY_BODY = YES;
				CLANG_WARN_ENUM_CONVERSION = YES;
				CLANG_WARN_INFINITE_RECURSION = YES;
				CLANG_WARN_INT_CONVERSION = YES;
				CLANG_WARN_OBJC_ROOT_CLASS = YES_ERROR;
				CLANG_WARN_SUSPICIOUS_MOVE = YES;
				CLANG_WARN_SUSPICIOUS_MOVES = YES;
				CLANG_WARN_UNREACHABLE_CODE = YES;
				CLANG_WARN__DUPLICATE_METHOD_MATCH = YES;
				"CODE_SIGN_IDENTITY[sdk=iphoneos*]" = "iPhone Developer";
				COPY_PHASE_STRIP = NO;
				DEBUG_INFORMATION_FORMAT = "dwarf-with-dsym";
				ENABLE_NS_ASSERTIONS = NO;
				ENABLE_STRICT_OBJC_MSGSEND = YES;
				GCC_C_LANGUAGE_STANDARD = gnu99;
				GCC_NO_COMMON_BLOCKS = YES;
				GCC_WARN_64_TO_32_BIT_CONVERSION = YES;
				GCC_WARN_ABOUT_RETURN_TYPE = YES_ERROR;
				GCC_WARN_UNDECLARED_SELECTOR = YES;
				GCC_WARN_UNINITIALIZED_AUTOS = YES_AGGRESSIVE;
				GCC_WARN_UNUSED_FUNCTION = YES;
				GCC_WARN_UNUSED_VARIABLE = YES;
				IPHONEOS_DEPLOYMENT_TARGET = 10.1;
				MTL_ENABLE_DEBUG_INFO = NO;
				SDKROOT = iphoneos;
				VALIDATE_PRODUCT = YES;
			};
			name = Release;
		};
		34B081851DC7700A00D935E8 /* Debug */ = {
			isa = XCBuildConfiguration;
			baseConfigurationReference = 280AF393F2A1E1E26C0D65B8 /* Pods-inke-iOS.debug.xcconfig */;
			buildSettings = {
				ASSETCATALOG_COMPILER_APPICON_NAME = AppIcon;
				ASSETCATALOG_COMPILER_LAUNCHIMAGE_NAME = "Brand Assets";
				BUNDLE_LOADER = "";
				"CODE_SIGN_IDENTITY[sdk=iphoneos*]" = "iPhone Developer";
				DEVELOPMENT_TEAM = F7C55VYF9A;
				FRAMEWORK_SEARCH_PATHS = (
					"$(inherited)",
					"$(PROJECT_DIR)",
					"$(PROJECT_DIR)/inke-iOS",
				);
				GCC_PREFIX_HEADER = "$(SRCROOT)/inke-iOS/Class/Other/inke-iOS.pch";
				GCC_SYMBOLS_PRIVATE_EXTERN = NO;
				INFOPLIST_FILE = "inke-iOS/Info.plist";
				IPHONEOS_DEPLOYMENT_TARGET = 8.0;
				LD_RUNPATH_SEARCH_PATHS = "$(inherited) @executable_path/Frameworks";
				LIBRARY_SEARCH_PATHS = (
					"$(inherited)",
					"$(PROJECT_DIR)/inke-iOS",
				);
				PRODUCT_BUNDLE_IDENTIFIER = "com.FtdStudio.inke-iOS";
				PRODUCT_NAME = "$(TARGET_NAME)";
				TARGETED_DEVICE_FAMILY = 1;
			};
			name = Debug;
		};
		34B081861DC7700A00D935E8 /* Release */ = {
			isa = XCBuildConfiguration;
			baseConfigurationReference = 5B31490BDF7407BEA74E5195 /* Pods-inke-iOS.release.xcconfig */;
			buildSettings = {
				ASSETCATALOG_COMPILER_APPICON_NAME = AppIcon;
				ASSETCATALOG_COMPILER_LAUNCHIMAGE_NAME = "Brand Assets";
				BUNDLE_LOADER = "";
				"CODE_SIGN_IDENTITY[sdk=iphoneos*]" = "iPhone Developer";
				DEVELOPMENT_TEAM = F7C55VYF9A;
				FRAMEWORK_SEARCH_PATHS = (
					"$(inherited)",
					"$(PROJECT_DIR)",
					"$(PROJECT_DIR)/inke-iOS",
				);
				GCC_PREFIX_HEADER = "$(SRCROOT)/inke-iOS/Class/Other/inke-iOS.pch";
				GCC_SYMBOLS_PRIVATE_EXTERN = NO;
				INFOPLIST_FILE = "inke-iOS/Info.plist";
				IPHONEOS_DEPLOYMENT_TARGET = 8.0;
				LD_RUNPATH_SEARCH_PATHS = "$(inherited) @executable_path/Frameworks";
				LIBRARY_SEARCH_PATHS = (
					"$(inherited)",
					"$(PROJECT_DIR)/inke-iOS",
				);
				PRODUCT_BUNDLE_IDENTIFIER = "com.FtdStudio.inke-iOS";
				PRODUCT_NAME = "$(TARGET_NAME)";
				TARGETED_DEVICE_FAMILY = 1;
			};
			name = Release;
		};
/* End XCBuildConfiguration section */

/* Begin XCConfigurationList section */
		34B081681DC7700A00D935E8 /* Build configuration list for PBXProject "inke-iOS" */ = {
			isa = XCConfigurationList;
			buildConfigurations = (
				34B081821DC7700A00D935E8 /* Debug */,
				34B081831DC7700A00D935E8 /* Release */,
			);
			defaultConfigurationIsVisible = 0;
			defaultConfigurationName = Release;
		};
		34B081841DC7700A00D935E8 /* Build configuration list for PBXNativeTarget "inke-iOS" */ = {
			isa = XCConfigurationList;
			buildConfigurations = (
				34B081851DC7700A00D935E8 /* Debug */,
				34B081861DC7700A00D935E8 /* Release */,
			);
			defaultConfigurationIsVisible = 0;
			defaultConfigurationName = Release;
		};
/* End XCConfigurationList section */
	};
	rootObject = 34B081651DC7700A00D935E8 /* Project object */;
}
